
Microsoft Visual Studio Solution File, Format Version 12.00
# Visual Studio Version 16
VisualStudioVersion = 16.0.29215.179
MinimumVisualStudioVersion = 10.0.40219.1
Project("{FAE04EC0-301F-11D3-BF4B-00C04F79EFBC}") = "WebappOppgave1", "WebappOppgave1.csproj", "{709EAA39-4754-4196-8BB8-2C1B8058AF44}"
EndProject
Global
	GlobalSection(SolutionConfigurationPlatforms) = preSolution
		Debug|Any CPU = Debug|Any CPU
		Release|Any CPU = Release|Any CPU
	EndGlobalSection
	GlobalSection(ProjectConfigurationPlatforms) = postSolution
		{709EAA39-4754-4196-8BB8-2C1B8058AF44}.Debug|Any CPU.ActiveCfg = Debug|Any CPU
		{709EAA39-4754-4196-8BB8-2C1B8058AF44}.Debug|Any CPU.Build.0 = Debug|Any CPU
		{709EAA39-4754-4196-8BB8-2C1B8058AF44}.Release|Any CPU.ActiveCfg = Release|Any CPU
		{709EAA39-4754-4196-8BB8-2C1B8058AF44}.Release|Any CPU.Build.0 = Release|Any CPU
	EndGlobalSection
	GlobalSection(SolutionProperties) = preSolution
		HideSolutionNode = FALSE
	EndGlobalSection
	GlobalSection(ExtensibilityGlobals) = postSolution
		SolutionGuid = {298C26B8-758C-4738-96C4-54A32CFFAC86}
	EndGlobalSection
EndGlobal
